github.com/go-ble/ble v0.0.0-20181002102605-e78417b510a3 h1:rsLGztXl2QJvj4x/PAWzC1Zx6tnTDKlosaXAZfaXM8M=
github.com/go-ble/ble v0.0.0-20181002102605-e78417b510a3/go.mod h1:UMPB54/KFpdTdfH7Yovhk3J6kzgzE88e3QZi8cbayis=
github.com/pkg/errors v0.8.1 h1:iURUrRGxPUNPdy5/HRSm+Yj6okJ6UtLINN0Q9M4+h3I=
github.com/pkg/errors v0.8.1/go.mod h1:bwawxfHBFNV+L2hUp1rHADufV3IMtnDRdf1r5NINEl0=
